# THIS IS AN AUTOGENERATED FILE. DO NOT EDIT THIS FILE DIRECTLY.
# yarn lockfile v1


"@cspotcode/source-map-consumer@0.8.0":
  version "0.8.0"
  resolved "https://registry.yarnpkg.com/@cspotcode/source-map-consumer/-/source-map-consumer-0.8.0.tgz#33bf4b7b39c178821606f669bbc447a6a629786b"
  integrity sha512-41qniHzTU8yAGbCp04ohlmSrZf8bkf/iJsl3V0dRGsQN/5GFfx+LbCSsCpp2gqrqjTVg/K6O8ycoV35JIwAzAg==

"@cspotcode/source-map-support@0.7.0":
  version "0.7.0"
  resolved "https://registry.yarnpkg.com/@cspotcode/source-map-support/-/source-map-support-0.7.0.tgz#4789840aa859e46d2f3173727ab707c66bf344f5"
  integrity sha512-X4xqRHqN8ACt2aHVe51OxeA2HjbcL4MqFqXkrmQszJ1NOUuUu5u6Vqx/0lZSVNku7velL5FC/s5uEAj1lsBMhA==
  dependencies:
    "@cspotcode/source-map-consumer" "0.8.0"

"@envelop/core@^2.0.0":
  version "2.3.1"
  resolved "https://registry.yarnpkg.com/@envelop/core/-/core-2.3.1.tgz#77d502db2aa97846573d7c2e87a00bde840c7ebb"
  integrity sha512-AnYUci7EGyA8flml881lDvVDl6n/u6GQpVIOTsZVO29d4/rPqSJ2KFguDD3mjDL406doTTLNuDI4ndxfJl6fmQ==
  dependencies:
    "@envelop/types" "2.2.0"

"@envelop/disable-introspection@^3.0.0":
  version "3.3.1"
  resolved "https://registry.yarnpkg.com/@envelop/disable-introspection/-/disable-introspection-3.3.1.tgz#616747a42b28172ff223a7c667a21b70a4bac66f"
  integrity sha512-THR8UnRQQB5nCLmITXvebwXwSHvFjS+ThA3RRVXpFX9EupMbTFN5a4NHty7+BYD798c3VrBZ/InbMlEWqw1c9g==

"@envelop/parser-cache@^4.0.0":
  version "4.3.1"
  resolved "https://registry.yarnpkg.com/@envelop/parser-cache/-/parser-cache-4.3.1.tgz#3d9cfb869f5953bb866f3c82e28fc8606b576a60"
  integrity sha512-IqerCVjvVTiGvSZ8qSpdEc55hhiuekufJd0+ldWtyMPznhMaYOzpLifFUhjhhD7004eJM17n9vjJQFa7fIGz8Q==
  dependencies:
    tiny-lru "7.0.6"

"@envelop/types@2.2.0":
  version "2.2.0"
  resolved "https://registry.yarnpkg.com/@envelop/types/-/types-2.2.0.tgz#95776d9b63ba8974f52b476d4db5bb169febbe32"
  integrity sha512-Lghvfs0kh53G5mUKpCMlB/FhHh3O8SSR4hewB7JyE9hOEu/9h/6u+GHH/OEgdaRHky1Sae5Jf4grO+h21ka4ig==

"@envelop/validation-cache@^4.0.0":
  version "4.3.1"
  resolved "https://registry.yarnpkg.com/@envelop/validation-cache/-/validation-cache-4.3.1.tgz#a1f83e339d22d787cec3d6859e7abc9d4249aeb6"
  integrity sha512-lmtu9idhdWqbYkcFoFsL1ED4y38DLvj6EDEwE9tULXWuZm4WWmlNQAmKHAwB1d3kGVQAMtxM59crkOOJGRBgHQ==
  dependencies:
    tiny-lru "7.0.6"

"@graphql-tools/merge@8.2.10":
  version "8.2.10"
  resolved "https://registry.yarnpkg.com/@graphql-tools/merge/-/merge-8.2.10.tgz#fe2fe5ad33dc2d1b0af8751c0c08d18bb6bb6d88"
  integrity sha512-wpg22seOTNfkIO8jFAgo8w1BsT3IS2OTMpkCNf+dvcKSP09SVidYCOliyWHgjDCmpCrvvSjOX855NUKDx/Biew==
  dependencies:
    "@graphql-tools/utils" "8.6.9"
    tslib "~2.3.0"

"@graphql-tools/schema@^8.3.1":
  version "8.3.10"
  resolved "https://registry.yarnpkg.com/@graphql-tools/schema/-/schema-8.3.10.tgz#c3e373e6ad854f533fc7e55859dd8f9e81de30dd"
  integrity sha512-tfhjSTi3OzheDrVzG7rkPZg2BbQjmZRLM2vvQoM2b1TnUwgUIbpAgcnf+AWDLRsoCOWlezeLgij1BLeAR0Q0jg==
  dependencies:
    "@graphql-tools/merge" "8.2.10"
    "@graphql-tools/utils" "8.6.9"
    tslib "~2.3.0"
    value-or-promise "1.0.11"

"@graphql-tools/utils@8.6.9", "@graphql-tools/utils@^8.6.0":
  version "8.6.9"
  resolved "https://registry.yarnpkg.com/@graphql-tools/utils/-/utils-8.6.9.tgz#fe1b81df29c9418b41b7a1ffe731710b93d3a1fe"
  integrity sha512-Z1X4d4GCT81+8CSt6SgU4t1w1UAUsAIRb67mI90k/zAs+ArkB95iE3bWXuJCUmd1+r8DGGtmUNOArtd6wkt+OQ==
  dependencies:
    tslib "~2.3.0"

"@graphql-typed-document-node/core@^3.1.1":
  version "3.1.1"
  resolved "https://registry.yarnpkg.com/@graphql-typed-document-node/core/-/core-3.1.1.tgz#076d78ce99822258cf813ecc1e7fa460fa74d052"
  integrity sha512-NQ17ii0rK1b34VZonlmT2QMJFI70m0TRwbknO/ihlbatXyaktDhN/98vBiUU6kNBPljqGqyIrl2T4nY2RpFANg==

"@graphql-yoga/common@2.5.0":
  version "2.5.0"
  resolved "https://registry.yarnpkg.com/@graphql-yoga/common/-/common-2.5.0.tgz#036e28a30d6395678907f80a1e358ecf19494c7e"
  integrity sha512-fSaTt5JhUvyPcYISEPqRdxb7g7PshN+1reKH5yighRNcX6ouMhNAXWb2MG4kG2pVAg4YCbUAjy1k2TMmN9AYjw==
  dependencies:
    "@envelop/core" "^2.0.0"
    "@envelop/disable-introspection" "^3.0.0"
    "@envelop/parser-cache" "^4.0.0"
    "@envelop/validation-cache" "^4.0.0"
    "@graphql-tools/schema" "^8.3.1"
    "@graphql-tools/utils" "^8.6.0"
    "@graphql-typed-document-node/core" "^3.1.1"
    "@graphql-yoga/subscription" "2.0.0"
    cross-undici-fetch "^0.4.2"
    dset "^3.1.1"
    tslib "^2.3.1"

"@graphql-yoga/node@^2.5.0":
  version "2.5.0"
  resolved "https://registry.yarnpkg.com/@graphql-yoga/node/-/node-2.5.0.tgz#29726338738ff113da8f5f307f74249a3ce17002"
  integrity sha512-mhKAGe5rUc4NcMPNcSepQUiVw37w036C4wteLlySntsrQKu3sTkz2+6/KgtR64B/yV3XYoSzQto8OQySkqiDsw==
  dependencies:
    "@envelop/core" "^2.0.0"
    "@graphql-tools/utils" "^8.6.0"
    "@graphql-yoga/common" "2.5.0"
    "@graphql-yoga/subscription" "2.0.0"
    cross-undici-fetch "^0.4.2"
    tslib "^2.3.1"

"@graphql-yoga/subscription@2.0.0":
  version "2.0.0"
  resolved "https://registry.yarnpkg.com/@graphql-yoga/subscription/-/subscription-2.0.0.tgz#8c6d3d78b2938a554efced7fd6c80cfaa80f7b8f"
  integrity sha512-HlG+gIddjIP3/BDrMZymdzmzDjNdYuSGMxx6+1JA83gAEVRDR4yOoT4QeNKYqRhLK9xca/Hxp1PfBpquSa244Q==
  dependencies:
    "@repeaterjs/repeater" "^3.0.4"
    tslib "^2.3.1"

"@prisma/client@^3.13.0":
  version "3.13.0"
  resolved "https://registry.yarnpkg.com/@prisma/client/-/client-3.13.0.tgz#84511ebdf6ba75f77ca08495b9f73f22c4255654"
  integrity sha512-lnEA2tTyVbO5mS1ehmHJQKBDiKB8shaR6s3azwj3Azfi5XHIfnqmkolLCvUeFYnkDCNVzGXJpUgKwQt/UOOYVQ==
  dependencies:
    "@prisma/engines-version" "3.13.0-17.efdf9b1183dddfd4258cd181a72125755215ab7b"

"@prisma/engines-version@3.13.0-17.efdf9b1183dddfd4258cd181a72125755215ab7b":
  version "3.13.0-17.efdf9b1183dddfd4258cd181a72125755215ab7b"
  resolved "https://registry.yarnpkg.com/@prisma/engines-version/-/engines-version-3.13.0-17.efdf9b1183dddfd4258cd181a72125755215ab7b.tgz#676aca309d66d9be2aad8911ca31f1ee5561041c"
  integrity sha512-TGp9rvgJIKo8NgvAHSwOosbut9mTA7VC6/rpQI9gh+ySSRjdQFhbGyNUiOcQrlI9Ob2DWeO7y4HEnhdKxYiECg==

"@prisma/engines@3.13.0-17.efdf9b1183dddfd4258cd181a72125755215ab7b":
  version "3.13.0-17.efdf9b1183dddfd4258cd181a72125755215ab7b"
  resolved "https://registry.yarnpkg.com/@prisma/engines/-/engines-3.13.0-17.efdf9b1183dddfd4258cd181a72125755215ab7b.tgz#d3a457cec4ef7a3b3412c45b1f2eac68c974474b"
  integrity sha512-Ip9CcCeUocH61eXu4BUGpvl5KleQyhcUVLpWCv+0ZmDv44bFaDpREqjGHHdRupvPN/ugB6gTlD9b9ewdj02yVA==

"@repeaterjs/repeater@^3.0.4":
  version "3.0.4"
  resolved "https://registry.yarnpkg.com/@repeaterjs/repeater/-/repeater-3.0.4.tgz#a04d63f4d1bf5540a41b01a921c9a7fddc3bd1ca"
  integrity sha512-AW8PKd6iX3vAZ0vA43nOUOnbq/X5ihgU+mSXXqunMkeQADGiqw/PY0JNeYtD5sr0PAy51YPgAPbDoeapv9r8WA==

"@tsconfig/node10@^1.0.7":
  version "1.0.8"
  resolved "https://registry.yarnpkg.com/@tsconfig/node10/-/node10-1.0.8.tgz#c1e4e80d6f964fbecb3359c43bd48b40f7cadad9"
  integrity sha512-6XFfSQmMgq0CFLY1MslA/CPUfhIL919M1rMsa5lP2P097N2Wd1sSX0tx1u4olM16fLNhtHZpRhedZJphNJqmZg==

"@tsconfig/node12@^1.0.7":
  version "1.0.9"
  resolved "https://registry.yarnpkg.com/@tsconfig/node12/-/node12-1.0.9.tgz#62c1f6dee2ebd9aead80dc3afa56810e58e1a04c"
  integrity sha512-/yBMcem+fbvhSREH+s14YJi18sp7J9jpuhYByADT2rypfajMZZN4WQ6zBGgBKp53NKmqI36wFYDb3yaMPurITw==

"@tsconfig/node14@^1.0.0":
  version "1.0.1"
  resolved "https://registry.yarnpkg.com/@tsconfig/node14/-/node14-1.0.1.tgz#95f2d167ffb9b8d2068b0b235302fafd4df711f2"
  integrity sha512-509r2+yARFfHHE7T6Puu2jjkoycftovhXRqW328PDXTVGKihlb1P8Z9mMZH04ebyajfRY7dedfGynlrFHJUQCg==

"@tsconfig/node16@^1.0.2":
  version "1.0.2"
  resolved "https://registry.yarnpkg.com/@tsconfig/node16/-/node16-1.0.2.tgz#423c77877d0569db20e1fc80885ac4118314010e"
  integrity sha512-eZxlbI8GZscaGS7kkc/trHTT5xgrjH3/1n2JDwusC9iahPKWMRvRjJSAN5mCXviuTGQ/lHnhvv8Q1YTpnfz9gA==

"@types/node@^17.0.31":
  version "17.0.31"
  resolved "https://registry.yarnpkg.com/@types/node/-/node-17.0.31.tgz#a5bb84ecfa27eec5e1c802c6bbf8139bdb163a5d"
  integrity sha512-AR0x5HbXGqkEx9CadRH3EBYx/VkiUgZIhP4wvPn/+5KIsgpNoyFaRlVe0Zlx9gRtg8fA06a9tskE2MSN7TcG4Q==

abort-controller@^3.0.0:
  version "3.0.0"
  resolved "https://registry.yarnpkg.com/abort-controller/-/abort-controller-3.0.0.tgz#eaf54d53b62bae4138e809ca225c8439a6efb392"
  integrity sha512-h8lQ8tacZYnR3vNQTgibj+tODHI5/+l06Au2Pcriv/Gmet0eaj4TwWH41sO9wnHDiQsEj19q0drzdWdeAHtweg==
  dependencies:
    event-target-shim "^5.0.0"

acorn-walk@^8.1.1:
  version "8.2.0"
  resolved "https://registry.yarnpkg.com/acorn-walk/-/acorn-walk-8.2.0.tgz#741210f2e2426454508853a2f44d0ab83b7f69c1"
  integrity sha512-k+iyHEuPgSw6SbuDpGQM+06HQUa04DZ3o+F6CSzXMvvI5KMvnaEqXe+YVe555R9nn6GPt404fos4wcgpw12SDA==

acorn@^8.4.1:
  version "8.7.1"
  resolved "https://registry.yarnpkg.com/acorn/-/acorn-8.7.1.tgz#0197122c843d1bf6d0a5e83220a788f278f63c30"
  integrity sha512-Xx54uLJQZ19lKygFXOWsscKUbsBZW0CPykPhVQdhIeIwrbPmJzqeASDInc8nKBnp/JT6igTs82qPXz069H8I/A==

arg@^4.1.0:
  version "4.1.3"
  resolved "https://registry.yarnpkg.com/arg/-/arg-4.1.3.tgz#269fc7ad5b8e42cb63c896d5666017261c144089"
  integrity sha512-58S9QDqG0Xx27YwPSt9fJxivjYl432YCwfDMfZ+71RAqUrZef7LrKQZ3LHLOwCS4FLNBplP533Zx895SeOCHvA==

busboy@^1.6.0:
  version "1.6.0"
  resolved "https://registry.yarnpkg.com/busboy/-/busboy-1.6.0.tgz#966ea36a9502e43cdb9146962523b92f531f6893"
  integrity sha512-8SFQbg/0hQ9xy3UNTB0YEnsNBbWfhf7RtnzpL7TkBiTBRfrQ9Fxcnz7VJsleJpyp6rVLvXiuORqjlHi5q+PYuA==
  dependencies:
    streamsearch "^1.1.0"

create-require@^1.1.0:
  version "1.1.1"
  resolved "https://registry.yarnpkg.com/create-require/-/create-require-1.1.1.tgz#c1d7e8f1e5f6cfc9ff65f9cd352d37348756c333"
  integrity sha512-dcKFX3jn0MpIaXjisoRvexIJVEKzaq7z2rZKxf+MSr9TkdmHmsU4m2lcLojrj/FHl8mk5VxMmYA+ftRkP/3oKQ==

cross-undici-fetch@^0.4.2:
  version "0.4.3"
  resolved "https://registry.yarnpkg.com/cross-undici-fetch/-/cross-undici-fetch-0.4.3.tgz#465d13d4d7d7a1dae75f8ad85aa0ecfa2752e99f"
  integrity sha512-mv1jusEQsFnBHEBkpFaYROKAzAWyuW8ZyN48NcyqkjLGRrscMKuFRmUigUrkE/pdprQZjNTQQ/aWJKe6F4tzTA==
  dependencies:
    abort-controller "^3.0.0"
    busboy "^1.6.0"
    form-data-encoder "^1.7.1"
    formdata-node "^4.3.1"
    node-fetch "^2.6.7"
    undici "^5.1.0"
    web-streams-polyfill "^3.2.0"

diff@^4.0.1:
  version "4.0.2"
  resolved "https://registry.yarnpkg.com/diff/-/diff-4.0.2.tgz#60f3aecb89d5fae520c11aa19efc2bb982aade7d"
  integrity sha512-58lmxKSA4BNyLz+HHMUzlOEpg09FV+ev6ZMe3vJihgdxzgcwZ8VoEEPmALCZG9LmqfVoNMMKpttIYTVG6uDY7A==

dset@^3.1.1:
  version "3.1.2"
  resolved "https://registry.yarnpkg.com/dset/-/dset-3.1.2.tgz#89c436ca6450398396dc6538ea00abc0c54cd45a"
  integrity sha512-g/M9sqy3oHe477Ar4voQxWtaPIFw1jTdKZuomOjhCcBx9nHUNn0pu6NopuFFrTh/TRZIKEj+76vLWFu9BNKk+Q==

event-target-shim@^5.0.0:
  version "5.0.1"
  resolved "https://registry.yarnpkg.com/event-target-shim/-/event-target-shim-5.0.1.tgz#5d4d3ebdf9583d63a5333ce2deb7480ab2b05789"
  integrity sha512-i/2XbnSz/uxRCU6+NdVJgKWDTM427+MqYbkQzD321DuCQJUqOuJKIA0IM2+W2xtYHdKOmZ4dR6fExsd4SXL+WQ==

form-data-encoder@^1.7.1:
  version "1.7.2"
  resolved "https://registry.yarnpkg.com/form-data-encoder/-/form-data-encoder-1.7.2.tgz#1f1ae3dccf58ed4690b86d87e4f57c654fbab040"
  integrity sha512-qfqtYan3rxrnCk1VYaA4H+Ms9xdpPqvLZa6xmMgFvhO32x7/3J/ExcTd6qpxM0vH2GdMI+poehyBZvqfMTto8A==

formdata-node@^4.3.1:
  version "4.3.2"
  resolved "https://registry.yarnpkg.com/formdata-node/-/formdata-node-4.3.2.tgz#0262e94931e36db7239c2b08bdb6aaf18ec47d21"
  integrity sha512-k7lYJyzDOSL6h917favP8j1L0/wNyylzU+x+1w4p5haGVHNlP58dbpdJhiCUsDbWsa9HwEtLp89obQgXl2e0qg==
  dependencies:
    node-domexception "1.0.0"
    web-streams-polyfill "4.0.0-beta.1"

graphql@^16.4.0:
  version "16.4.0"
  resolved "https://registry.yarnpkg.com/graphql/-/graphql-16.4.0.tgz#bb10b1b4683045dedcb67000eb4ad134a36c59e6"
  integrity sha512-tYDNcRvKCcfHREZYje3v33NSrSD/ZpbWWdPtBtUUuXx9NCo/2QDxYzNqCnMvfsrnbwRpEHMovVrPu/ERoLrIRg==

make-error@^1.1.1:
  version "1.3.6"
  resolved "https://registry.yarnpkg.com/make-error/-/make-error-1.3.6.tgz#2eb2e37ea9b67c4891f684a1394799af484cf7a2"
  integrity sha512-s8UhlNe7vPKomQhC1qFelMokr/Sc3AgNbso3n74mVPA5LTZwkB9NlXf4XPamLxJE8h0gh73rM94xvwRT2CVInw==

node-domexception@1.0.0:
  version "1.0.0"
  resolved "https://registry.yarnpkg.com/node-domexception/-/node-domexception-1.0.0.tgz#6888db46a1f71c0b76b3f7555016b63fe64766e5"
  integrity sha512-/jKZoMpw0F8GRwl4/eLROPA3cfcXtLApP0QzLmUT/HuPCZWyB7IY9ZrMeKw2O/nFIqPQB3PVM9aYm0F312AXDQ==

node-fetch@^2.6.7:
  version "2.6.7"
  resolved "https://registry.yarnpkg.com/node-fetch/-/node-fetch-2.6.7.tgz#24de9fba827e3b4ae44dc8b20256a379160052ad"
  integrity sha512-ZjMPFEfVx5j+y2yF35Kzx5sF7kDzxuDj6ziH4FFbOp87zKDZNx8yExJIb05OGF4Nlt9IHFIMBkRl41VdvcNdbQ==
  dependencies:
    whatwg-url "^5.0.0"

prisma@^3.13.0:
  version "3.13.0"
  resolved "https://registry.yarnpkg.com/prisma/-/prisma-3.13.0.tgz#b11edd5631222ff1bf1d5324732d47801386aa8c"
  integrity sha512-oO1auBnBtieGdiN+57IgsA9Vr7Sy4HkILi1KSaUG4mpKfEbnkTGnLOxAqjLed+K2nsG/GtE1tJBtB7JxN1a78Q==
  dependencies:
    "@prisma/engines" "3.13.0-17.efdf9b1183dddfd4258cd181a72125755215ab7b"
    ts-pattern "^4.0.1"

streamsearch@^1.1.0:
  version "1.1.0"
  resolved "https://registry.yarnpkg.com/streamsearch/-/streamsearch-1.1.0.tgz#404dd1e2247ca94af554e841a8ef0eaa238da764"
  integrity sha512-Mcc5wHehp9aXz1ax6bZUyY5afg9u2rv5cqQI3mRrYkGC8rW2hM02jWuwjtL++LS5qinSyhj2QfLyNsuc+VsExg==

tiny-lru@7.0.6:
  version "7.0.6"
  resolved "https://registry.yarnpkg.com/tiny-lru/-/tiny-lru-7.0.6.tgz#b0c3cdede1e5882aa2d1ae21cb2ceccf2a331f24"
  integrity sha512-zNYO0Kvgn5rXzWpL0y3RS09sMK67eGaQj9805jlK9G6pSadfriTczzLHFXa/xcW4mIRfmlB9HyQ/+SgL0V1uow==

tr46@~0.0.3:
  version "0.0.3"
  resolved "https://registry.yarnpkg.com/tr46/-/tr46-0.0.3.tgz#8184fd347dac9cdc185992f3a6622e14b9d9ab6a"
  integrity sha1-gYT9NH2snNwYWZLzpmIuFLnZq2o=

ts-node@^10.7.0:
  version "10.7.0"
  resolved "https://registry.yarnpkg.com/ts-node/-/ts-node-10.7.0.tgz#35d503d0fab3e2baa672a0e94f4b40653c2463f5"
  integrity sha512-TbIGS4xgJoX2i3do417KSaep1uRAW/Lu+WAL2doDHC0D6ummjirVOXU5/7aiZotbQ5p1Zp9tP7U6cYhA0O7M8A==
  dependencies:
    "@cspotcode/source-map-support" "0.7.0"
    "@tsconfig/node10" "^1.0.7"
    "@tsconfig/node12" "^1.0.7"
    "@tsconfig/node14" "^1.0.0"
    "@tsconfig/node16" "^1.0.2"
    acorn "^8.4.1"
    acorn-walk "^8.1.1"
    arg "^4.1.0"
    create-require "^1.1.0"
    diff "^4.0.1"
    make-error "^1.1.1"
    v8-compile-cache-lib "^3.0.0"
    yn "3.1.1"

ts-pattern@^4.0.1:
  version "4.0.2"
  resolved "https://registry.yarnpkg.com/ts-pattern/-/ts-pattern-4.0.2.tgz#b36afdb2de1ec0224539dcb7cea3a57c41453b9f"
  integrity sha512-eHqR/7A6fcw05vCOfnL6RwgGJbVi9G/YHTdYdjYmElhDdJ1SMn7pWs+6+YuxygaFwQS/g+cIDlu+UD8IVpur1A==

tslib@^2.3.1:
  version "2.4.0"
  resolved "https://registry.yarnpkg.com/tslib/-/tslib-2.4.0.tgz#7cecaa7f073ce680a05847aa77be941098f36dc3"
  integrity sha512-d6xOpEDfsi2CZVlPQzGeux8XMwLT9hssAsaPYExaQMuYskwb+x1x7J371tWlbBdWHroy99KnVB6qIkUbs5X3UQ==

tslib@~2.3.0:
  version "2.3.1"
  resolved "https://registry.yarnpkg.com/tslib/-/tslib-2.3.1.tgz#e8a335add5ceae51aa261d32a490158ef042ef01"
  integrity sha512-77EbyPPpMz+FRFRuAFlWMtmgUWGe9UOG2Z25NqCwiIjRhOf5iKGuzSe5P2w1laq+FkRy4p+PCuVkJSGkzTEKVw==

typescript@^4.6.4:
  version "4.6.4"
  resolved "https://registry.yarnpkg.com/typescript/-/typescript-4.6.4.tgz#caa78bbc3a59e6a5c510d35703f6a09877ce45e9"
  integrity sha512-9ia/jWHIEbo49HfjrLGfKbZSuWo9iTMwXO+Ca3pRsSpbsMbc7/IU8NKdCZVRRBafVPGnoJeFL76ZOAA84I9fEg==

undici@^5.1.0:
  version "5.1.1"
  resolved "https://registry.yarnpkg.com/undici/-/undici-5.1.1.tgz#356427b0d1f032ca4cf85537b1e1694a52090438"
  integrity sha512-CmK9JzLSMGx+2msOao8LhkKn3J7eKo2M50v0KZQ2XbiHcGqLS1HiIj01ceIm3jbUYlspw/FTSb6nMdSNyvVyaQ==

v8-compile-cache-lib@^3.0.0:
  version "3.0.1"
  resolved "https://registry.yarnpkg.com/v8-compile-cache-lib/-/v8-compile-cache-lib-3.0.1.tgz#6336e8d71965cb3d35a1bbb7868445a7c05264bf"
  integrity sha512-wa7YjyUGfNZngI/vtK0UHAN+lgDCxBPCylVXGp0zu59Fz5aiGtNXaq3DhIov063MorB+VfufLh3JlF2KdTK3xg==

value-or-promise@1.0.11:
  version "1.0.11"
  resolved "https://registry.yarnpkg.com/value-or-promise/-/value-or-promise-1.0.11.tgz#3e90299af31dd014fe843fe309cefa7c1d94b140"
  integrity sha512-41BrgH+dIbCFXClcSapVs5M6GkENd3gQOJpEfPDNa71LsUGMXDL0jMWpI/Rh7WhX+Aalfz2TTS3Zt5pUsbnhLg==

web-streams-polyfill@4.0.0-beta.1:
  version "4.0.0-beta.1"
  resolved "https://registry.yarnpkg.com/web-streams-polyfill/-/web-streams-polyfill-4.0.0-beta.1.tgz#3b19b9817374b7cee06d374ba7eeb3aeb80e8c95"
  integrity sha512-3ux37gEX670UUphBF9AMCq8XM6iQ8Ac6A+DSRRjDoRBm1ufCkaCDdNVbaqq60PsEkdNlLKrGtv/YBP4EJXqNtQ==

web-streams-polyfill@^3.2.0:
  version "3.2.1"
  resolved "https://registry.yarnpkg.com/web-streams-polyfill/-/web-streams-polyfill-3.2.1.tgz#71c2718c52b45fd49dbeee88634b3a60ceab42a6"
  integrity sha512-e0MO3wdXWKrLbL0DgGnUV7WHVuw9OUvL4hjgnPkIeEvESk74gAITi5G606JtZPp39cd8HA9VQzCIvA49LpPN5Q==

webidl-conversions@^3.0.0:
  version "3.0.1"
  resolved "https://registry.yarnpkg.com/webidl-conversions/-/webidl-conversions-3.0.1.tgz#24534275e2a7bc6be7bc86611cc16ae0a5654871"
  integrity sha1-JFNCdeKnvGvnvIZhHMFq4KVlSHE=

whatwg-url@^5.0.0:
  version "5.0.0"
  resolved "https://registry.yarnpkg.com/whatwg-url/-/whatwg-url-5.0.0.tgz#966454e8765462e37644d3626f6742ce8b70965d"
  integrity sha1-lmRU6HZUYuN2RNNib2dCzotwll0=
  dependencies:
    tr46 "~0.0.3"
    webidl-conversions "^3.0.0"

yn@3.1.1:
  version "3.1.1"
  resolved "https://registry.yarnpkg.com/yn/-/yn-3.1.1.tgz#1e87401a09d767c1d5eab26a6e4c185182d2eb50"
  integrity sha512-Ux4ygGWsu2c7isFWe8Yu1YluJmqVhxqK2cLXNQA5AcC3QfbGNpM7fu0Y8b/z16pXLnFxZYvWhd3fhBY9DLmC6Q==
