{
    "_meta": {
        "hash": {
            "sha256": "6b12331062108b7d4dd7d42757869a989592578cbb0b38126a372fa04fcd4da3"
        },
        "pipfile-spec": 6,
        "requires": {
            "python_version": "3.9"
        },
        "sources": [
            {
                "name": "pypi",
                "url": "https://pypi.org/simple",
                "verify_ssl": true
            }
        ]
    },
    "default": {
        "anyio": {
            "hashes": [
                "sha256:a0aeffe2fb1fdf374a8e4b471444f0f3ac4fb9f5a5b542b48824475e0042a5a6",
                "sha256:b5fa16c5ff93fa1046f2eeb5bbff2dad4d3514d6cda61d02816dba34fa8c3c2e"
            ],
            "markers": "python_full_version >= '3.6.2'",
            "version": "==3.5.0"
        },
        "ariadne": {
            "hashes": [
                "sha256:38b9919f60d7eadca57488bd444ac96071a9e9724f2ca8a10ac47e1723ef831d",
                "sha256:b8acf98424dfcedc6d17336656dfe59bd8f1fa2e18e319557c00cdb864477d71"
            ],
            "index": "pypi",
            "version": "==0.14.1"
        },
        "ariadne-django": {
            "hashes": [
                "sha256:350de335fc4d3e7393f9046ba5bee374895e506f77bf01ad6980ccfa98cb0b94",
                "sha256:718c64149634dac4d054f9e29ce0e84fded954ff7eddd9c51399c972e8cecb05"
            ],
            "index": "pypi",
            "version": "==0.2.0"
        },
        "asgiref": {
            "hashes": [
                "sha256:2f8abc20f7248433085eda803936d98992f1343ddb022065779f37c5da0181d0",
                "sha256:88d59c13d634dcffe0510be048210188edd79aeccb6a6c9028cdad6f31d730a9"
            ],
            "markers": "python_version >= '3.7'",
            "version": "==3.5.0"
        },
        "django": {
            "hashes": [
                "sha256:1239218849e922033a35d2a2f777cb8bee18bd725416744074f455f34ff50d0c",
                "sha256:77ff2e7050e3324c9b67e29b6707754566f58514112a9ac73310f60cd5261930"
            ],
            "index": "pypi",
            "version": "==4.0.3"
        },
        "graphql-core": {
            "hashes": [
                "sha256:62ec192150ccecd9a18cfb79e3e72eb7d1fd68fb594ef19c40099b6deec8ef0c",
                "sha256:9b460f60320be01c7f3b1766cf3e406933003008055079b9d983b8f3988f4400"
            ],
            "markers": "python_version >= '3.6' and python_version < '4'",
            "version": "==3.1.7"
        },
        "idna": {
            "hashes": [
                "sha256:84d9dd047ffa80596e0f246e2eab0b391788b0503584e8945f2368256d2735ff",
                "sha256:9d643ff0a55b762d5cdb124b8eaa99c66322e2157b69160bc32796e824360e6d"
            ],
            "markers": "python_version >= '3.5'",
            "version": "==3.3"
        },
        "sniffio": {
            "hashes": [
                "sha256:471b71698eac1c2112a40ce2752bb2f4a4814c22a54a3eed3676bc0f5ca9f663",
                "sha256:c4666eecec1d3f50960c6bdf61ab7bc350648da6c126e3cf6898d8cd4ddcd3de"
            ],
            "markers": "python_version >= '3.5'",
            "version": "==1.2.0"
        },
        "sqlparse": {
            "hashes": [
                "sha256:0c00730c74263a94e5a9919ade150dfc3b19c574389985446148402998287dae",
                "sha256:48719e356bb8b42991bdbb1e8b83223757b93789c00910a616a071910ca4a64d"
            ],
            "markers": "python_version >= '3.5'",
            "version": "==0.4.2"
        },
        "starlette": {
            "hashes": [
                "sha256:26a18cbda5e6b651c964c12c88b36d9898481cd428ed6e063f5f29c418f73050",
                "sha256:57eab3cc975a28af62f6faec94d355a410634940f10b30d68d31cb5ec1b44ae8"
            ],
            "markers": "python_version >= '3.6'",
            "version": "==0.17.1"
        },
        "typing-extensions": {
            "hashes": [
                "sha256:1a9462dcc3347a79b1f1c0271fbe79e844580bb598bafa1ed208b94da3cdcd42",
                "sha256:21c85e0fe4b9a155d0799430b0ad741cdce7e359660ccbd8b530613e8df88ce2"
            ],
            "markers": "python_version >= '3.6'",
            "version": "==4.1.1"
        }
    },
    "develop": {}
}
